
Microsoft Visual Studio Solution File, Format Version 12.00
# Visual Studio Version 17
VisualStudioVersion = 17.14.37516.0 d17.14
MinimumVisualStudioVersion = 10.0.40219.1
Project("{FAE04EC0-301F-11D3-BF4B-00C04F79EFBC}") = "Music", "Music\Music.csproj", "{34739899-FC1D-457B-B08F-A9D528341C2C}"
EndProject
Global
	GlobalSection(SolutionConfigurationPlatforms) = preSolution
		Debug|Any CPU = Debug|Any CPU
		Release|Any CPU = Release|Any CPU
	EndGlobalSection
	GlobalSection(ProjectConfigurationPlatforms) = postSolution
		{34739899-FC1D-457B-B08F-A9D528341C2C}.Debug|Any CPU.ActiveCfg = Debug|Any CPU
		{34739899-FC1D-457B-B08F-A9D528341C2C}.Debug|Any CPU.Build.0 = Debug|Any CPU
		{34739899-FC1D-457B-B08F-A9D528341C2C}.Release|Any CPU.ActiveCfg = Release|Any CPU
		{34739899-FC1D-457B-B08F-A9D528341C2C}.Release|Any CPU.Build.0 = Release|Any CPU
	EndGlobalSection
	GlobalSection(SolutionProperties) = preSolution
		HideSolutionNode = FALSE
	EndGlobalSection
	GlobalSection(ExtensibilityGlobals) = postSolution
		SolutionGuid = {2DCE9D01-F3B2-4A0B-B2A7-3B90F948E036}
	EndGlobalSection
EndGlobal
