
Microsoft Visual Studio Solution File, Format Version 12.00
# Visual Studio Version 17
VisualStudioVersion = 17.14.37516.0 d17.14
MinimumVisualStudioVersion = 10.0.40219.1
Project("{FAE04EC0-301F-11D3-BF4B-00C04F79EFBC}") = "day3", "day3\day3.csproj", "{2FE1D5E5-EA2D-4751-A586-1BAD5CB94C82}"
EndProject
Global
	GlobalSection(SolutionConfigurationPlatforms) = preSolution
		Debug|Any CPU = Debug|Any CPU
		Release|Any CPU = Release|Any CPU
	EndGlobalSection
	GlobalSection(ProjectConfigurationPlatforms) = postSolution
		{2FE1D5E5-EA2D-4751-A586-1BAD5CB94C82}.Debug|Any CPU.ActiveCfg = Debug|Any CPU
		{2FE1D5E5-EA2D-4751-A586-1BAD5CB94C82}.Debug|Any CPU.Build.0 = Debug|Any CPU
		{2FE1D5E5-EA2D-4751-A586-1BAD5CB94C82}.Release|Any CPU.ActiveCfg = Release|Any CPU
		{2FE1D5E5-EA2D-4751-A586-1BAD5CB94C82}.Release|Any CPU.Build.0 = Release|Any CPU
	EndGlobalSection
	GlobalSection(SolutionProperties) = preSolution
		HideSolutionNode = FALSE
	EndGlobalSection
	GlobalSection(ExtensibilityGlobals) = postSolution
		SolutionGuid = {C778FC67-3E28-494A-B7E5-8AE203B652D9}
	EndGlobalSection
EndGlobal
